
Microsoft Visual Studio Solution File, Format Version 12.00
# Visual Studio Version 16
VisualStudioVersion = 16.0.31410.357
MinimumVisualStudioVersion = 10.0.40219.1
Project("{FAE04EC0-301F-11D3-BF4B-00C04F79EFBC}") = "Xadrez", "Xadrez.csproj", "{7BD12214-3D80-4972-B320-73258922EB4C}"
EndProject
Global
	GlobalSection(SolutionConfigurationPlatforms) = preSolution
		Debug|Any CPU = Debug|Any CPU
		Release|Any CPU = Release|Any CPU
	EndGlobalSection
	GlobalSection(ProjectConfigurationPlatforms) = postSolution
		{7BD12214-3D80-4972-B320-73258922EB4C}.Debug|Any CPU.ActiveCfg = Debug|Any CPU
		{7BD12214-3D80-4972-B320-73258922EB4C}.Debug|Any CPU.Build.0 = Debug|Any CPU
		{7BD12214-3D80-4972-B320-73258922EB4C}.Release|Any CPU.ActiveCfg = Release|Any CPU
		{7BD12214-3D80-4972-B320-73258922EB4C}.Release|Any CPU.Build.0 = Release|Any CPU
	EndGlobalSection
	GlobalSection(SolutionProperties) = preSolution
		HideSolutionNode = FALSE
	EndGlobalSection
	GlobalSection(ExtensibilityGlobals) = postSolution
		SolutionGuid = {F9A9B881-9451-4E07-A015-625B0D6B6213}
	EndGlobalSection
EndGlobal
